// !$*UTF8*$!
{
	archiveVersion = 1;
	classes = {
	};
	objectVersion = 46;
	objects = {

/* Begin PBXAggregateTarget section */
		1026FA1F02954A528493CF62 /* install */ = {
			isa = PBXAggregateTarget;
			buildConfigurationList = A4BF377FF63141FF9C9E0D3B /* Build configuration list for PBXAggregateTarget "install" */;
			buildPhases = (
				8B5C6A99FDFA444EA257CB94 /* CMake PostBuild Rules */,
			);
			dependencies = (
				693E49C1781549F98CCEA82A /* PBXTargetDependency */,
			);
			name = install;
			productName = install;
		};
		966C5F6B879E49A29432EEDD /* ZERO_CHECK */ = {
			isa = PBXAggregateTarget;
			buildConfigurationList = 6696773F42CB402BA8B29632 /* Build configuration list for PBXAggregateTarget "ZERO_CHECK" */;
			buildPhases = (
				CA68554B73DB47E790C45BE1 /* CMake Rules */,
			);
			dependencies = (
			);
			name = ZERO_CHECK;
			productName = ZERO_CHECK;
		};
		D192359A0B784A19ACC4A87E /* ALL_BUILD */ = {
			isa = PBXAggregateTarget;
			buildConfigurationList = 615D6FE6B37E4D9E8341BE35 /* Build configuration list for PBXAggregateTarget "ALL_BUILD" */;
			buildPhases = (
				4BEC1B9DF50449A8BAEA94D0 /* CMake Rules */,
			);
			dependencies = (
				D3D8F7930BB94DEF9B94A9BF /* PBXTargetDependency */,
				C7257CA43B3D433F9F5A9E47 /* PBXTargetDependency */,
				A225DA92F8DE4BF0BED545A9 /* PBXTargetDependency */,
			);
			name = ALL_BUILD;
			productName = ALL_BUILD;
		};
/* End PBXAggregateTarget section */

/* Begin PBXBuildFile section */
		1EF6EE00AEC641F99AB754D5 /* /Users/csabatuz/PyKEP/orbiter-kep/proto/solution.pb.cc */ = {isa = PBXBuildFile; fileRef = 89C1F50ECB2848258592A0D4 /* /Users/csabatuz/PyKEP/orbiter-kep/proto/solution.pb.cc */; settings = {COMPILER_FLAGS = ""; }; };
		29E801C1EBD34460928799CB /* /Users/csabatuz/PyKEP/orbiter-kep/proto/solution.pb.cc.rule */ = {isa = PBXBuildFile; fileRef = 63A6669B78BC40EEA38D0E74 /* /Users/csabatuz/PyKEP/orbiter-kep/proto/solution.pb.cc.rule */; settings = {COMPILER_FLAGS = ""; }; };
		2DBFB64DC0BF435CABAD0993 /* /Users/csabatuz/PyKEP/orbiter-kep/OrbiterKEP.cpp */ = {isa = PBXBuildFile; fileRef = D5C4885C8FF449F89DBA09B4 /* /Users/csabatuz/PyKEP/orbiter-kep/OrbiterKEP.cpp */; settings = {COMPILER_FLAGS = ""; }; };
		2ECC69A9A54F4D0E9E526924 /* /Users/csabatuz/PyKEP/orbiter-kep/src/mongo/orbiter_db.cpp */ = {isa = PBXBuildFile; fileRef = 7DAB91FB52F048BE9297B1A5 /* /Users/csabatuz/PyKEP/orbiter-kep/src/mongo/orbiter_db.cpp */; settings = {COMPILER_FLAGS = ""; }; };
		30CF7A19028C4C7AAEEAAA8E /* /Users/csabatuz/PyKEP/orbiter-kep/src/ps/renderer.cpp */ = {isa = PBXBuildFile; fileRef = 077D725811B54C669D51E02F /* /Users/csabatuz/PyKEP/orbiter-kep/src/ps/renderer.cpp */; settings = {COMPILER_FLAGS = ""; }; };
		34D51C373C9D4E79B61B962F /* /Users/csabatuz/PyKEP/orbiter-kep/CMakeLists.txt */ = {isa = PBXBuildFile; fileRef = 2849F9BEE116479C82D909B8 /* /Users/csabatuz/PyKEP/orbiter-kep/CMakeLists.txt */; settings = {COMPILER_FLAGS = ""; }; };
		538EAC77D7B84A9EA227DDD9 /* /Users/csabatuz/PyKEP/orbiter-kep/src/problems/mga_1dsm_transx.cpp */ = {isa = PBXBuildFile; fileRef = F4EC4BEF78E1483FBA20997A /* /Users/csabatuz/PyKEP/orbiter-kep/src/problems/mga_1dsm_transx.cpp */; settings = {COMPILER_FLAGS = ""; }; };
		5485B9253B3C4ADFBD4D7530 /* /Users/csabatuz/PyKEP/orbiter-kep/src/optimise.cpp */ = {isa = PBXBuildFile; fileRef = 35A3BAAB38B2403E94B405BA /* /Users/csabatuz/PyKEP/orbiter-kep/src/optimise.cpp */; settings = {COMPILER_FLAGS = ""; }; };
		6C188F0B1C0F46CC85DDBE8D /* /Users/csabatuz/PyKEP/orbiter-kep/proto/CMakeLists.txt */ = {isa = PBXBuildFile; fileRef = CC0B0A07949541509A0CF3EC /* /Users/csabatuz/PyKEP/orbiter-kep/proto/CMakeLists.txt */; settings = {COMPILER_FLAGS = ""; }; };
		7B0F02060CEE4177A871F939 /* /Users/csabatuz/PyKEP/orbiter-kep/proto/solution.pb.h */ = {isa = PBXBuildFile; fileRef = 39F0E9381E734CBE9762E4B3 /* /Users/csabatuz/PyKEP/orbiter-kep/proto/solution.pb.h */; settings = {COMPILER_FLAGS = ""; }; };
		8686D830321F401E8908FCE3 /* /Users/csabatuz/PyKEP/orbiter-kep/src/problems/transx_problem.cpp */ = {isa = PBXBuildFile; fileRef = 9BD306A837AF4C219DF5E8D0 /* /Users/csabatuz/PyKEP/orbiter-kep/src/problems/transx_problem.cpp */; settings = {COMPILER_FLAGS = ""; }; };
		9F971FC39B954078A489FEA1 /* /Users/csabatuz/PyKEP/orbiter-kep/src/plot/pareto.cpp */ = {isa = PBXBuildFile; fileRef = 56BC3EF65D8345AC8534817E /* /Users/csabatuz/PyKEP/orbiter-kep/src/plot/pareto.cpp */; settings = {COMPILER_FLAGS = ""; }; };
		C8F758CC3B144D0595F44EBE /* /Users/csabatuz/PyKEP/orbiter-kep/src/param.cpp */ = {isa = PBXBuildFile; fileRef = A3ECC442BA8C42CF9BE71E6B /* /Users/csabatuz/PyKEP/orbiter-kep/src/param.cpp */; settings = {COMPILER_FLAGS = ""; }; };
		EE73536D7125402BA42F4FC3 /* /Users/csabatuz/PyKEP/orbiter-kep/src/problems/mga_transx.cpp */ = {isa = PBXBuildFile; fileRef = AB61737161434BD9862DA443 /* /Users/csabatuz/PyKEP/orbiter-kep/src/problems/mga_transx.cpp */; settings = {COMPILER_FLAGS = ""; }; };
/* End PBXBuildFile section */

/* Begin PBXBuildStyle section */
		98139E76A85A43288E8B3DD0 /* RelWithDebInfo */ = {
			isa = PBXBuildStyle;
			buildSettings = {
				COPY_PHASE_STRIP = NO;
			};
			name = RelWithDebInfo;
		};
		9A036AEB07E54D02BDF84C7B /* Release */ = {
			isa = PBXBuildStyle;
			buildSettings = {
				COPY_PHASE_STRIP = NO;
			};
			name = Release;
		};
		D2F17C58491E46EA9C76521F /* MinSizeRel */ = {
			isa = PBXBuildStyle;
			buildSettings = {
				COPY_PHASE_STRIP = NO;
			};
			name = MinSizeRel;
		};
		F5490B05FFC242BFA81B9921 = {
			isa = PBXBuildStyle;
		};
		FBA19A2C6FD748D4A7725A2A /* Debug */ = {
			isa = PBXBuildStyle;
			buildSettings = {
				COPY_PHASE_STRIP = NO;
			};
			name = Debug;
		};
/* End PBXBuildStyle section */

/* Begin PBXContainerItemProxy section */
		0C8F1DEC2F3F4F109CCA8935 /* PBXContainerItemProxy */ = {
			isa = PBXContainerItemProxy;
			containerPortal = E99BE6F27DD74ABBAD441AC2 /* Project object */;
			proxyType = 1;
			remoteGlobalIDString = 9F311627D709465CB8B09B5F;
			remoteInfo = OrbiterKEP;
		};
		1BE4D53B10054A30921F3FDE /* PBXContainerItemProxy */ = {
			isa = PBXContainerItemProxy;
			containerPortal = E99BE6F27DD74ABBAD441AC2 /* Project object */;
			proxyType = 1;
			remoteGlobalIDString = 966C5F6B879E49A29432EEDD;
			remoteInfo = ZERO_CHECK;
		};
		2B006E3EF4DA48D0A6CC80DF /* PBXContainerItemProxy */ = {
			isa = PBXContainerItemProxy;
			containerPortal = E99BE6F27DD74ABBAD441AC2 /* Project object */;
			proxyType = 1;
			remoteGlobalIDString = 966C5F6B879E49A29432EEDD;
			remoteInfo = ZERO_CHECK;
		};
		50BFBD3B679D4F4A888BADFB /* PBXContainerItemProxy */ = {
			isa = PBXContainerItemProxy;
			containerPortal = E99BE6F27DD74ABBAD441AC2 /* Project object */;
			proxyType = 1;
			remoteGlobalIDString = EE27377B36964293A4E2E164;
			remoteInfo = proto;
		};
		8D32B74D364E47A491F89D9F /* PBXContainerItemProxy */ = {
			isa = PBXContainerItemProxy;
			containerPortal = E99BE6F27DD74ABBAD441AC2 /* Project object */;
			proxyType = 1;
			remoteGlobalIDString = D192359A0B784A19ACC4A87E;
			remoteInfo = ALL_BUILD;
		};
		A945E9E42C0445AAABF58C86 /* PBXContainerItemProxy */ = {
			isa = PBXContainerItemProxy;
			containerPortal = E99BE6F27DD74ABBAD441AC2 /* Project object */;
			proxyType = 1;
			remoteGlobalIDString = EE27377B36964293A4E2E164;
			remoteInfo = proto;
		};
		C2B535A0C1A44C61963F14C7 /* PBXContainerItemProxy */ = {
			isa = PBXContainerItemProxy;
			containerPortal = E99BE6F27DD74ABBAD441AC2 /* Project object */;
			proxyType = 1;
			remoteGlobalIDString = 966C5F6B879E49A29432EEDD;
			remoteInfo = ZERO_CHECK;
		};
/* End PBXContainerItemProxy section */

/* Begin PBXFileReference section */
		077D725811B54C669D51E02F /* /Users/csabatuz/PyKEP/orbiter-kep/src/ps/renderer.cpp */ = {isa = PBXFileReference; explicitFileType = sourcecode.cpp.cpp; fileEncoding = 4; name = renderer.cpp; path = src/ps/renderer.cpp; sourceTree = SOURCE_ROOT; };
		17E9DCA36DF144D7850C547D /* /Users/csabatuz/PyKEP/orbiter-kep/CMakeLists.txt */ = {isa = PBXFileReference; explicitFileType = sourcecode.text; fileEncoding = 4; name = CMakeLists.txt; path = CMakeLists.txt; sourceTree = SOURCE_ROOT; };
		2849F9BEE116479C82D909B8 /* /Users/csabatuz/PyKEP/orbiter-kep/CMakeLists.txt */ = {isa = PBXFileReference; explicitFileType = sourcecode.text; fileEncoding = 4; name = CMakeLists.txt; path = CMakeLists.txt; sourceTree = SOURCE_ROOT; };
		35A3BAAB38B2403E94B405BA /* /Users/csabatuz/PyKEP/orbiter-kep/src/optimise.cpp */ = {isa = PBXFileReference; explicitFileType = sourcecode.cpp.cpp; fileEncoding = 4; name = optimise.cpp; path = src/optimise.cpp; sourceTree = SOURCE_ROOT; };
		39F0E9381E734CBE9762E4B3 /* /Users/csabatuz/PyKEP/orbiter-kep/proto/solution.pb.h */ = {isa = PBXFileReference; explicitFileType = sourcecode.c.h; fileEncoding = 4; name = solution.pb.h; path = proto/solution.pb.h; sourceTree = SOURCE_ROOT; };
		56BC3EF65D8345AC8534817E /* /Users/csabatuz/PyKEP/orbiter-kep/src/plot/pareto.cpp */ = {isa = PBXFileReference; explicitFileType = sourcecode.cpp.cpp; fileEncoding = 4; name = pareto.cpp; path = src/plot/pareto.cpp; sourceTree = SOURCE_ROOT; };
		63A6669B78BC40EEA38D0E74 /* /Users/csabatuz/PyKEP/orbiter-kep/proto/solution.pb.cc.rule */ = {isa = PBXFileReference; explicitFileType = sourcecode; fileEncoding = 4; name = solution.pb.cc.rule; path = proto/solution.pb.cc.rule; sourceTree = SOURCE_ROOT; };
		7DAB91FB52F048BE9297B1A5 /* /Users/csabatuz/PyKEP/orbiter-kep/src/mongo/orbiter_db.cpp */ = {isa = PBXFileReference; explicitFileType = sourcecode.cpp.cpp; fileEncoding = 4; name = orbiter_db.cpp; path = src/mongo/orbiter_db.cpp; sourceTree = SOURCE_ROOT; };
		89C1F50ECB2848258592A0D4 /* /Users/csabatuz/PyKEP/orbiter-kep/proto/solution.pb.cc */ = {isa = PBXFileReference; explicitFileType = sourcecode.cpp.cpp; fileEncoding = 4; name = solution.pb.cc; path = proto/solution.pb.cc; sourceTree = SOURCE_ROOT; };
		92023B8936CB472DB2C19A2B /* proto */ = {isa = PBXFileReference; explicitFileType = archive.ar; path = libproto.a; refType = 0; sourceTree = BUILT_PRODUCTS_DIR; };
		9BD306A837AF4C219DF5E8D0 /* /Users/csabatuz/PyKEP/orbiter-kep/src/problems/transx_problem.cpp */ = {isa = PBXFileReference; explicitFileType = sourcecode.cpp.cpp; fileEncoding = 4; name = transx_problem.cpp; path = src/problems/transx_problem.cpp; sourceTree = SOURCE_ROOT; };
		A3ECC442BA8C42CF9BE71E6B /* /Users/csabatuz/PyKEP/orbiter-kep/src/param.cpp */ = {isa = PBXFileReference; explicitFileType = sourcecode.cpp.cpp; fileEncoding = 4; name = param.cpp; path = src/param.cpp; sourceTree = SOURCE_ROOT; };
		AB61737161434BD9862DA443 /* /Users/csabatuz/PyKEP/orbiter-kep/src/problems/mga_transx.cpp */ = {isa = PBXFileReference; explicitFileType = sourcecode.cpp.cpp; fileEncoding = 4; name = mga_transx.cpp; path = src/problems/mga_transx.cpp; sourceTree = SOURCE_ROOT; };
		B78990AFD3964C0783D5700F /* /Users/csabatuz/PyKEP/orbiter-kep/CMakeLists.txt */ = {isa = PBXFileReference; explicitFileType = sourcecode.text; fileEncoding = 4; name = CMakeLists.txt; path = CMakeLists.txt; sourceTree = SOURCE_ROOT; };
		BAB79EC8FD6F4B09B89CA8FC /* OrbiterKEP */ = {isa = PBXFileReference; explicitFileType = "compiled.mach-o.executable"; path = OrbiterKEP; refType = 0; sourceTree = BUILT_PRODUCTS_DIR; };
		CC0B0A07949541509A0CF3EC /* /Users/csabatuz/PyKEP/orbiter-kep/proto/CMakeLists.txt */ = {isa = PBXFileReference; explicitFileType = sourcecode.text; fileEncoding = 4; name = CMakeLists.txt; path = proto/CMakeLists.txt; sourceTree = SOURCE_ROOT; };
		D5C4885C8FF449F89DBA09B4 /* /Users/csabatuz/PyKEP/orbiter-kep/OrbiterKEP.cpp */ = {isa = PBXFileReference; explicitFileType = sourcecode.cpp.cpp; fileEncoding = 4; name = OrbiterKEP.cpp; path = OrbiterKEP.cpp; sourceTree = SOURCE_ROOT; };
		F4EC4BEF78E1483FBA20997A /* /Users/csabatuz/PyKEP/orbiter-kep/src/problems/mga_1dsm_transx.cpp */ = {isa = PBXFileReference; explicitFileType = sourcecode.cpp.cpp; fileEncoding = 4; name = mga_1dsm_transx.cpp; path = src/problems/mga_1dsm_transx.cpp; sourceTree = SOURCE_ROOT; };
/* End PBXFileReference section */

/* Begin PBXGroup section */
		170D92794D0F431D8741E78A /* CMake Rules */ = {
			isa = PBXGroup;
			children = (
				63A6669B78BC40EEA38D0E74 /* /Users/csabatuz/PyKEP/orbiter-kep/proto/solution.pb.cc.rule */,
			);
			name = "CMake Rules";
			sourceTree = "<group>";
		};
		37346B30F2EB4411A500BACE /* Resources */ = {
			isa = PBXGroup;
			children = (
			);
			name = Resources;
			sourceTree = "<group>";
		};
		6D6BCA969B0B425FA2098118 /* Products */ = {
			isa = PBXGroup;
			children = (
				BAB79EC8FD6F4B09B89CA8FC /* OrbiterKEP */,
				92023B8936CB472DB2C19A2B /* proto */,
			);
			name = Products;
			sourceTree = "<group>";
		};
		77EEF2950A24484E94F41FBC /* proto */ = {
			isa = PBXGroup;
			children = (
				BEE3390C348F436994E5483D /* Header Files */,
				AE9D990756884B1A8F3C8A77 /* Source Files */,
				170D92794D0F431D8741E78A /* CMake Rules */,
				CC0B0A07949541509A0CF3EC /* /Users/csabatuz/PyKEP/orbiter-kep/proto/CMakeLists.txt */,
			);
			name = proto;
			sourceTree = "<group>";
		};
		78FFA588689C40CD9D6893AD /* CMake Rules */ = {
			isa = PBXGroup;
			children = (
			);
			name = "CMake Rules";
			sourceTree = "<group>";
		};
		8BB7CAF57AE64235B765FFDE /* ZERO_CHECK */ = {
			isa = PBXGroup;
			children = (
				78FFA588689C40CD9D6893AD /* CMake Rules */,
				B78990AFD3964C0783D5700F /* /Users/csabatuz/PyKEP/orbiter-kep/CMakeLists.txt */,
			);
			name = ZERO_CHECK;
			sourceTree = "<group>";
		};
		9046E99AD29244FE8E64E9C1 /* Source Files */ = {
			isa = PBXGroup;
			children = (
				D5C4885C8FF449F89DBA09B4 /* /Users/csabatuz/PyKEP/orbiter-kep/OrbiterKEP.cpp */,
				7DAB91FB52F048BE9297B1A5 /* /Users/csabatuz/PyKEP/orbiter-kep/src/mongo/orbiter_db.cpp */,
				35A3BAAB38B2403E94B405BA /* /Users/csabatuz/PyKEP/orbiter-kep/src/optimise.cpp */,
				A3ECC442BA8C42CF9BE71E6B /* /Users/csabatuz/PyKEP/orbiter-kep/src/param.cpp */,
				56BC3EF65D8345AC8534817E /* /Users/csabatuz/PyKEP/orbiter-kep/src/plot/pareto.cpp */,
				F4EC4BEF78E1483FBA20997A /* /Users/csabatuz/PyKEP/orbiter-kep/src/problems/mga_1dsm_transx.cpp */,
				AB61737161434BD9862DA443 /* /Users/csabatuz/PyKEP/orbiter-kep/src/problems/mga_transx.cpp */,
				9BD306A837AF4C219DF5E8D0 /* /Users/csabatuz/PyKEP/orbiter-kep/src/problems/transx_problem.cpp */,
				077D725811B54C669D51E02F /* /Users/csabatuz/PyKEP/orbiter-kep/src/ps/renderer.cpp */,
			);
			name = "Source Files";
			sourceTree = "<group>";
		};
		AE9D990756884B1A8F3C8A77 /* Source Files */ = {
			isa = PBXGroup;
			children = (
				89C1F50ECB2848258592A0D4 /* /Users/csabatuz/PyKEP/orbiter-kep/proto/solution.pb.cc */,
			);
			name = "Source Files";
			sourceTree = "<group>";
		};
		BA5134FCC5594CDFA8E98CCF /* Sources */ = {
			isa = PBXGroup;
			children = (
				DE36224111F04DCEA4832773 /* OrbiterKEP */,
				F69DADD2DA7549E7B5F0A43E /* ALL_BUILD */,
				8BB7CAF57AE64235B765FFDE /* ZERO_CHECK */,
				77EEF2950A24484E94F41FBC /* proto */,
			);
			name = Sources;
			sourceTree = "<group>";
		};
		BEE3390C348F436994E5483D /* Header Files */ = {
			isa = PBXGroup;
			children = (
				39F0E9381E734CBE9762E4B3 /* /Users/csabatuz/PyKEP/orbiter-kep/proto/solution.pb.h */,
			);
			name = "Header Files";
			sourceTree = "<group>";
		};
		D13DA1435ED54F0182A167BE = {
			isa = PBXGroup;
			children = (
				BA5134FCC5594CDFA8E98CCF /* Sources */,
				37346B30F2EB4411A500BACE /* Resources */,
				6D6BCA969B0B425FA2098118 /* Products */,
			);
			sourceTree = "<group>";
		};
		D864FB55C21E4639A260EC5C /* CMake Rules */ = {
			isa = PBXGroup;
			children = (
			);
			name = "CMake Rules";
			sourceTree = "<group>";
		};
		DE36224111F04DCEA4832773 /* OrbiterKEP */ = {
			isa = PBXGroup;
			children = (
				9046E99AD29244FE8E64E9C1 /* Source Files */,
				2849F9BEE116479C82D909B8 /* /Users/csabatuz/PyKEP/orbiter-kep/CMakeLists.txt */,
			);
			name = OrbiterKEP;
			sourceTree = "<group>";
		};
		F69DADD2DA7549E7B5F0A43E /* ALL_BUILD */ = {
			isa = PBXGroup;
			children = (
				D864FB55C21E4639A260EC5C /* CMake Rules */,
				17E9DCA36DF144D7850C547D /* /Users/csabatuz/PyKEP/orbiter-kep/CMakeLists.txt */,
			);
			name = ALL_BUILD;
			sourceTree = "<group>";
		};
/* End PBXGroup section */

/* Begin PBXNativeTarget section */
		9F311627D709465CB8B09B5F /* OrbiterKEP */ = {
			isa = PBXNativeTarget;
			buildConfigurationList = 2042CC9A307647A885B85953 /* Build configuration list for PBXNativeTarget "OrbiterKEP" */;
			buildPhases = (
				5A5A6913326044188D59D2D6 /* Sources */,
			);
			buildRules = (
			);
			dependencies = (
				DBD3BB8A53DB4C1191FED341 /* PBXTargetDependency */,
				550F674BB8904527A27155B3 /* PBXTargetDependency */,
			);
			name = OrbiterKEP;
			productName = OrbiterKEP;
			productReference = BAB79EC8FD6F4B09B89CA8FC /* OrbiterKEP */;
			productType = "com.apple.product-type.tool";
		};
		EE27377B36964293A4E2E164 /* proto */ = {
			isa = PBXNativeTarget;
			buildConfigurationList = CA00D2680C37425FA193E049 /* Build configuration list for PBXNativeTarget "proto" */;
			buildPhases = (
				E8C1F40A2D3348C6AA86D40A /* CMake Rules */,
				7FC6302961034AC9B92539C2 /* Sources */,
			);
			buildRules = (
			);
			dependencies = (
				AB904872BC3F4AE5B42E93F6 /* PBXTargetDependency */,
			);
			name = proto;
			productName = proto;
			productReference = 92023B8936CB472DB2C19A2B /* proto */;
			productType = "com.apple.product-type.library.static";
		};
/* End PBXNativeTarget section */

/* Begin PBXProject section */
		E99BE6F27DD74ABBAD441AC2 /* Project object */ = {
			isa = PBXProject;
			attributes = {
				BuildIndependentTargetsInParallel = YES;
				LastUpgradeCheck = 0730;
			};
			buildConfigurationList = 1570F9FC92544734B4388244 /* Build configuration list for PBXProject "OrbiterKEP" */;
			buildSettings = {
			};
			buildStyles = (
				FBA19A2C6FD748D4A7725A2A /* Debug */,
				9A036AEB07E54D02BDF84C7B /* Release */,
				D2F17C58491E46EA9C76521F /* MinSizeRel */,
				98139E76A85A43288E8B3DD0 /* RelWithDebInfo */,
			);
			compatibilityVersion = "Xcode 3.2";
			hasScannedForEncodings = 0;
			mainGroup = D13DA1435ED54F0182A167BE;
			projectDirPath = .;
			projectRoot = "";
			targets = (
				D192359A0B784A19ACC4A87E /* ALL_BUILD */,
				9F311627D709465CB8B09B5F /* OrbiterKEP */,
				966C5F6B879E49A29432EEDD /* ZERO_CHECK */,
				1026FA1F02954A528493CF62 /* install */,
				EE27377B36964293A4E2E164 /* proto */,
			);
		};
/* End PBXProject section */

/* Begin PBXShellScriptBuildPhase section */
		09F5A69E14364EA8A2BE4BC9 = {
			isa = PBXShellScriptBuildPhase;
			buildActionMask = 2147483647;
			files = (
			);
			inputPaths = (
			);
			outputPaths = (
			);
			runOnlyForDeploymentPostprocessing = 0;
			shellPath = /bin/sh;
			shellScript = "# shell script goes here
exit 0";
			showEnvVarsInLog = 0;
		};
		4BEC1B9DF50449A8BAEA94D0 /* CMake Rules */ = {
			isa = PBXShellScriptBuildPhase;
			buildActionMask = 2147483647;
			files = (
			);
			name = "CMake Rules";
			runOnlyForDeploymentPostprocessing = 0;
			shellPath = /bin/sh;
			shellScript = "make -C /Users/csabatuz/PyKEP/orbiter-kep -f /Users/csabatuz/PyKEP/orbiter-kep/CMakeScripts/ALL_BUILD_cmakeRulesBuildPhase.make$CONFIGURATION all";
			showEnvVarsInLog = 0;
		};
		8B5C6A99FDFA444EA257CB94 /* CMake PostBuild Rules */ = {
			isa = PBXShellScriptBuildPhase;
			buildActionMask = 2147483647;
			files = (
			);
			name = "CMake PostBuild Rules";
			runOnlyForDeploymentPostprocessing = 0;
			shellPath = /bin/sh;
			shellScript = "make -C /Users/csabatuz/PyKEP/orbiter-kep -f /Users/csabatuz/PyKEP/orbiter-kep/CMakeScripts/install_postBuildPhase.make$CONFIGURATION all";
			showEnvVarsInLog = 0;
		};
		8D32DB6492124428B253C491 = {
			isa = PBXShellScriptBuildPhase;
			buildActionMask = 2147483647;
			files = (
			);
			inputPaths = (
			);
			outputPaths = (
			);
			runOnlyForDeploymentPostprocessing = 0;
			shellPath = /bin/sh;
			shellScript = "# shell script goes here
exit 0";
			showEnvVarsInLog = 0;
		};
		CA68554B73DB47E790C45BE1 /* CMake Rules */ = {
			isa = PBXShellScriptBuildPhase;
			buildActionMask = 2147483647;
			files = (
			);
			name = "CMake Rules";
			runOnlyForDeploymentPostprocessing = 0;
			shellPath = /bin/sh;
			shellScript = "make -C /Users/csabatuz/PyKEP/orbiter-kep -f /Users/csabatuz/PyKEP/orbiter-kep/CMakeScripts/ZERO_CHECK_cmakeRulesBuildPhase.make$CONFIGURATION all";
			showEnvVarsInLog = 0;
		};
		E8C1F40A2D3348C6AA86D40A /* CMake Rules */ = {
			isa = PBXShellScriptBuildPhase;
			buildActionMask = 2147483647;
			files = (
			);
			name = "CMake Rules";
			runOnlyForDeploymentPostprocessing = 0;
			shellPath = /bin/sh;
			shellScript = "make -C /Users/csabatuz/PyKEP/orbiter-kep/proto -f /Users/csabatuz/PyKEP/orbiter-kep/proto/CMakeScripts/proto_cmakeRulesBuildPhase.make$CONFIGURATION all";
			showEnvVarsInLog = 0;
		};
		EBB239C0DEE840C5A70780B5 = {
			isa = PBXShellScriptBuildPhase;
			buildActionMask = 2147483647;
			files = (
			);
			inputPaths = (
			);
			outputPaths = (
			);
			runOnlyForDeploymentPostprocessing = 0;
			shellPath = /bin/sh;
			shellScript = "# shell script goes here
exit 0";
			showEnvVarsInLog = 0;
		};
/* End PBXShellScriptBuildPhase section */

/* Begin PBXSourcesBuildPhase section */
		5A5A6913326044188D59D2D6 /* Sources */ = {
			isa = PBXSourcesBuildPhase;
			buildActionMask = 2147483647;
			files = (
				2DBFB64DC0BF435CABAD0993 /* /Users/csabatuz/PyKEP/orbiter-kep/OrbiterKEP.cpp */,
				2ECC69A9A54F4D0E9E526924 /* /Users/csabatuz/PyKEP/orbiter-kep/src/mongo/orbiter_db.cpp */,
				5485B9253B3C4ADFBD4D7530 /* /Users/csabatuz/PyKEP/orbiter-kep/src/optimise.cpp */,
				C8F758CC3B144D0595F44EBE /* /Users/csabatuz/PyKEP/orbiter-kep/src/param.cpp */,
				9F971FC39B954078A489FEA1 /* /Users/csabatuz/PyKEP/orbiter-kep/src/plot/pareto.cpp */,
				538EAC77D7B84A9EA227DDD9 /* /Users/csabatuz/PyKEP/orbiter-kep/src/problems/mga_1dsm_transx.cpp */,
				EE73536D7125402BA42F4FC3 /* /Users/csabatuz/PyKEP/orbiter-kep/src/problems/mga_transx.cpp */,
				8686D830321F401E8908FCE3 /* /Users/csabatuz/PyKEP/orbiter-kep/src/problems/transx_problem.cpp */,
				30CF7A19028C4C7AAEEAAA8E /* /Users/csabatuz/PyKEP/orbiter-kep/src/ps/renderer.cpp */,
			);
			runOnlyForDeploymentPostprocessing = 0;
		};
		7FC6302961034AC9B92539C2 /* Sources */ = {
			isa = PBXSourcesBuildPhase;
			buildActionMask = 2147483647;
			files = (
				1EF6EE00AEC641F99AB754D5 /* /Users/csabatuz/PyKEP/orbiter-kep/proto/solution.pb.cc */,
			);
			runOnlyForDeploymentPostprocessing = 0;
		};
/* End PBXSourcesBuildPhase section */

/* Begin PBXTargetDependency section */
		550F674BB8904527A27155B3 /* PBXTargetDependency */ = {
			isa = PBXTargetDependency;
			target = EE27377B36964293A4E2E164 /* proto */;
			targetProxy = 50BFBD3B679D4F4A888BADFB /* PBXContainerItemProxy */;
		};
		693E49C1781549F98CCEA82A /* PBXTargetDependency */ = {
			isa = PBXTargetDependency;
			target = D192359A0B784A19ACC4A87E /* ALL_BUILD */;
			targetProxy = 8D32B74D364E47A491F89D9F /* PBXContainerItemProxy */;
		};
		A225DA92F8DE4BF0BED545A9 /* PBXTargetDependency */ = {
			isa = PBXTargetDependency;
			target = 9F311627D709465CB8B09B5F /* OrbiterKEP */;
			targetProxy = 0C8F1DEC2F3F4F109CCA8935 /* PBXContainerItemProxy */;
		};
		AB904872BC3F4AE5B42E93F6 /* PBXTargetDependency */ = {
			isa = PBXTargetDependency;
			target = 966C5F6B879E49A29432EEDD /* ZERO_CHECK */;
			targetProxy = 2B006E3EF4DA48D0A6CC80DF /* PBXContainerItemProxy */;
		};
		C7257CA43B3D433F9F5A9E47 /* PBXTargetDependency */ = {
			isa = PBXTargetDependency;
			target = EE27377B36964293A4E2E164 /* proto */;
			targetProxy = A945E9E42C0445AAABF58C86 /* PBXContainerItemProxy */;
		};
		D3D8F7930BB94DEF9B94A9BF /* PBXTargetDependency */ = {
			isa = PBXTargetDependency;
			target = 966C5F6B879E49A29432EEDD /* ZERO_CHECK */;
			targetProxy = C2B535A0C1A44C61963F14C7 /* PBXContainerItemProxy */;
		};
		DBD3BB8A53DB4C1191FED341 /* PBXTargetDependency */ = {
			isa = PBXTargetDependency;
			target = 966C5F6B879E49A29432EEDD /* ZERO_CHECK */;
			targetProxy = 1BE4D53B10054A30921F3FDE /* PBXContainerItemProxy */;
		};
/* End PBXTargetDependency section */

/* Begin XCBuildConfiguration section */
		038878DB56424F8098CFF0D9 /* RelWithDebInfo */ = {
			isa = XCBuildConfiguration;
			buildSettings = {
				COMBINE_HIDPI_IMAGES = YES;
				EXECUTABLE_PREFIX = "";
				EXECUTABLE_SUFFIX = "";
				GCC_GENERATE_DEBUGGING_SYMBOLS = YES;
				GCC_INLINES_ARE_PRIVATE_EXTERN = NO;
				GCC_OPTIMIZATION_LEVEL = 2;
				GCC_PREPROCESSOR_DEFINITIONS = ("'CMAKE_INTDIR=\"$(CONFIGURATION)$(EFFECTIVE_PLATFORM_NAME)\"'", );
				GCC_SYMBOLS_PRIVATE_EXTERN = NO;
				HEADER_SEARCH_PATHS = ("/Users/csabatuz/PyKEP/orbiter-kep", /usr/local/include, "/Users/csabatuz/PyKEP/orbiter-kep/src", "/Users/csabatuz/PyKEP/orbiter-kep/src/problems", "/Users/csabatuz/PyKEP/orbiter-kep/third_party/gnuplot-iostream", "/usr/local/include/libmongoc-1.0", "/usr/local/include/libbson-1.0", );
				INSTALL_PATH = "";
				LD_RUNPATH_SEARCH_PATHS = /usr/local/lib;
				LIBRARY_SEARCH_PATHS = " /usr/local/lib/$(CONFIGURATION)$(EFFECTIVE_PLATFORM_NAME) /usr/local/lib";
				OTHER_CPLUSPLUSFLAGS = "               -DNDEBUG '-std=gnu++11'  ";
				OTHER_LDFLAGS = " -Wl,-search_paths_first -Wl,-headerpad_max_install_names  -lmongoc-1.0 -lbson-1.0 /Users/csabatuz/PyKEP/orbiter-kep/proto/RelWithDebInfo/libproto.a /usr/local/lib/libprotobuf.dylib -lpagmo -lkeplerian_toolbox /usr/local/lib/libboost_filesystem.dylib /usr/local/lib/libboost_system.dylib /usr/local/lib/libboost_serialization.dylib /usr/local/lib/libboost_iostreams.dylib /usr/local/lib/libboost_regex.dylib";
				OTHER_REZFLAGS = "";
				PRODUCT_NAME = OrbiterKEP;
				SECTORDER_FLAGS = "";
				SYMROOT = "/Users/csabatuz/PyKEP/orbiter-kep";
				USE_HEADERMAP = NO;
				WARNING_CFLAGS = ("-Wmost", "-Wno-four-char-constants", "-Wno-unknown-pragmas", "$(inherited)", );
			};
			name = RelWithDebInfo;
		};
		055109B810F547C58953FD3E /* Debug */ = {
			isa = XCBuildConfiguration;
			buildSettings = {
				COMBINE_HIDPI_IMAGES = YES;
				GCC_GENERATE_DEBUGGING_SYMBOLS = YES;
				GCC_INLINES_ARE_PRIVATE_EXTERN = NO;
				GCC_OPTIMIZATION_LEVEL = 0;
				GCC_PREPROCESSOR_DEFINITIONS = ("'CMAKE_INTDIR=\"$(CONFIGURATION)$(EFFECTIVE_PLATFORM_NAME)\"'", );
				GCC_SYMBOLS_PRIVATE_EXTERN = NO;
				HEADER_SEARCH_PATHS = ("/Users/csabatuz/PyKEP/orbiter-kep", /usr/local/include, "/Users/csabatuz/PyKEP/orbiter-kep/src", "/Users/csabatuz/PyKEP/orbiter-kep/src/problems", "/Users/csabatuz/PyKEP/orbiter-kep/third_party/gnuplot-iostream", "/usr/local/include/libmongoc-1.0", "/usr/local/include/libbson-1.0", );
				INSTALL_PATH = "";
				OTHER_LDFLAGS = " ";
				OTHER_REZFLAGS = "";
				PRODUCT_NAME = install;
				SECTORDER_FLAGS = "";
				SYMROOT = "/Users/csabatuz/PyKEP/orbiter-kep";
				USE_HEADERMAP = NO;
				WARNING_CFLAGS = ("-Wmost", "-Wno-four-char-constants", "-Wno-unknown-pragmas", "$(inherited)", );
			};
			name = Debug;
		};
		06FB0EE34EC747F8B4DC6052 /* Release */ = {
			isa = XCBuildConfiguration;
			buildSettings = {
				ONLY_ACTIVE_ARCH = YES;
				SDKROOT = /Applications/Xcode.app/Contents/Developer/Platforms/MacOSX.platform/Developer/SDKs/MacOSX10.11.sdk;
				SYMROOT = "/Users/csabatuz/PyKEP/orbiter-kep/build";
			};
			name = Release;
		};
		0E693CCE73A54DD2AC450B72 /* Release */ = {
			isa = XCBuildConfiguration;
			buildSettings = {
				COMBINE_HIDPI_IMAGES = YES;
				GCC_GENERATE_DEBUGGING_SYMBOLS = YES;
				GCC_INLINES_ARE_PRIVATE_EXTERN = NO;
				GCC_OPTIMIZATION_LEVEL = 0;
				GCC_PREPROCESSOR_DEFINITIONS = ("'CMAKE_INTDIR=\"$(CONFIGURATION)$(EFFECTIVE_PLATFORM_NAME)\"'", );
				GCC_SYMBOLS_PRIVATE_EXTERN = NO;
				HEADER_SEARCH_PATHS = ("/Users/csabatuz/PyKEP/orbiter-kep", /usr/local/include, "/Users/csabatuz/PyKEP/orbiter-kep/src", "/Users/csabatuz/PyKEP/orbiter-kep/src/problems", "/Users/csabatuz/PyKEP/orbiter-kep/third_party/gnuplot-iostream", "/usr/local/include/libmongoc-1.0", "/usr/local/include/libbson-1.0", );
				INSTALL_PATH = "";
				OTHER_LDFLAGS = " ";
				OTHER_REZFLAGS = "";
				PRODUCT_NAME = install;
				SECTORDER_FLAGS = "";
				SYMROOT = "/Users/csabatuz/PyKEP/orbiter-kep";
				USE_HEADERMAP = NO;
				WARNING_CFLAGS = ("-Wmost", "-Wno-four-char-constants", "-Wno-unknown-pragmas", "$(inherited)", );
			};
			name = Release;
		};
		190B4F358CF34991AA3B0990 /* MinSizeRel */ = {
			isa = XCBuildConfiguration;
			buildSettings = {
				COMBINE_HIDPI_IMAGES = YES;
				EXECUTABLE_PREFIX = lib;
				EXECUTABLE_SUFFIX = .a;
				GCC_GENERATE_DEBUGGING_SYMBOLS = YES;
				GCC_INLINES_ARE_PRIVATE_EXTERN = NO;
				GCC_OPTIMIZATION_LEVEL = s;
				GCC_PREPROCESSOR_DEFINITIONS = ("'CMAKE_INTDIR=\"$(CONFIGURATION)$(EFFECTIVE_PLATFORM_NAME)\"'", );
				GCC_SYMBOLS_PRIVATE_EXTERN = NO;
				HEADER_SEARCH_PATHS = ("/Users/csabatuz/PyKEP/orbiter-kep", /usr/local/include, "/Users/csabatuz/PyKEP/orbiter-kep/src", "/Users/csabatuz/PyKEP/orbiter-kep/src/problems", "/Users/csabatuz/PyKEP/orbiter-kep/third_party/gnuplot-iostream", "/usr/local/include/libmongoc-1.0", "/usr/local/include/libbson-1.0", );
				INSTALL_PATH = "";
				LIBRARY_STYLE = STATIC;
				OTHER_CPLUSPLUSFLAGS = "            -DNDEBUG '-std=gnu++11'  ";
				OTHER_LIBTOOLFLAGS = " ";
				OTHER_REZFLAGS = "";
				PRODUCT_NAME = proto;
				SECTORDER_FLAGS = "";
				SYMROOT = "/Users/csabatuz/PyKEP/orbiter-kep/proto";
				USE_HEADERMAP = NO;
				WARNING_CFLAGS = ("-Wmost", "-Wno-four-char-constants", "-Wno-unknown-pragmas", "$(inherited)", );
			};
			name = MinSizeRel;
		};
		24886EED5B32462AB95E74F5 /* Release */ = {
			isa = XCBuildConfiguration;
			buildSettings = {
				COMBINE_HIDPI_IMAGES = YES;
				EXECUTABLE_PREFIX = lib;
				EXECUTABLE_SUFFIX = .a;
				GCC_GENERATE_DEBUGGING_SYMBOLS = YES;
				GCC_INLINES_ARE_PRIVATE_EXTERN = NO;
				GCC_OPTIMIZATION_LEVEL = 3;
				GCC_PREPROCESSOR_DEFINITIONS = ("'CMAKE_INTDIR=\"$(CONFIGURATION)$(EFFECTIVE_PLATFORM_NAME)\"'", );
				GCC_SYMBOLS_PRIVATE_EXTERN = NO;
				HEADER_SEARCH_PATHS = ("/Users/csabatuz/PyKEP/orbiter-kep", /usr/local/include, "/Users/csabatuz/PyKEP/orbiter-kep/src", "/Users/csabatuz/PyKEP/orbiter-kep/src/problems", "/Users/csabatuz/PyKEP/orbiter-kep/third_party/gnuplot-iostream", "/usr/local/include/libmongoc-1.0", "/usr/local/include/libbson-1.0", );
				INSTALL_PATH = "";
				LIBRARY_STYLE = STATIC;
				OTHER_CPLUSPLUSFLAGS = "            -DNDEBUG '-std=gnu++11'  ";
				OTHER_LIBTOOLFLAGS = " ";
				OTHER_REZFLAGS = "";
				PRODUCT_NAME = proto;
				SECTORDER_FLAGS = "";
				SYMROOT = "/Users/csabatuz/PyKEP/orbiter-kep/proto";
				USE_HEADERMAP = NO;
				WARNING_CFLAGS = ("-Wmost", "-Wno-four-char-constants", "-Wno-unknown-pragmas", "$(inherited)", );
			};
			name = Release;
		};
		2C7A8FD8DF614245A02DA323 /* Debug */ = {
			isa = XCBuildConfiguration;
			buildSettings = {
				COMBINE_HIDPI_IMAGES = YES;
				GCC_GENERATE_DEBUGGING_SYMBOLS = YES;
				GCC_INLINES_ARE_PRIVATE_EXTERN = NO;
				GCC_OPTIMIZATION_LEVEL = 0;
				GCC_PREPROCESSOR_DEFINITIONS = ("'CMAKE_INTDIR=\"$(CONFIGURATION)$(EFFECTIVE_PLATFORM_NAME)\"'", );
				GCC_SYMBOLS_PRIVATE_EXTERN = NO;
				HEADER_SEARCH_PATHS = ("/Users/csabatuz/PyKEP/orbiter-kep", /usr/local/include, "/Users/csabatuz/PyKEP/orbiter-kep/src", "/Users/csabatuz/PyKEP/orbiter-kep/src/problems", "/Users/csabatuz/PyKEP/orbiter-kep/third_party/gnuplot-iostream", "/usr/local/include/libmongoc-1.0", "/usr/local/include/libbson-1.0", );
				INSTALL_PATH = "";
				OTHER_LDFLAGS = " ";
				OTHER_REZFLAGS = "";
				PRODUCT_NAME = ALL_BUILD;
				SECTORDER_FLAGS = "";
				SYMROOT = "/Users/csabatuz/PyKEP/orbiter-kep";
				USE_HEADERMAP = NO;
				WARNING_CFLAGS = ("-Wmost", "-Wno-four-char-constants", "-Wno-unknown-pragmas", "$(inherited)", );
			};
			name = Debug;
		};
		2E21F67667854F62B792328C /* Debug */ = {
			isa = XCBuildConfiguration;
			buildSettings = {
				COMBINE_HIDPI_IMAGES = YES;
				EXECUTABLE_PREFIX = lib;
				EXECUTABLE_SUFFIX = .a;
				GCC_GENERATE_DEBUGGING_SYMBOLS = YES;
				GCC_INLINES_ARE_PRIVATE_EXTERN = NO;
				GCC_OPTIMIZATION_LEVEL = 2;
				GCC_PREPROCESSOR_DEFINITIONS = ("'CMAKE_INTDIR=\"$(CONFIGURATION)$(EFFECTIVE_PLATFORM_NAME)\"'", );
				GCC_SYMBOLS_PRIVATE_EXTERN = NO;
				HEADER_SEARCH_PATHS = ("/Users/csabatuz/PyKEP/orbiter-kep", /usr/local/include, "/Users/csabatuz/PyKEP/orbiter-kep/src", "/Users/csabatuz/PyKEP/orbiter-kep/src/problems", "/Users/csabatuz/PyKEP/orbiter-kep/third_party/gnuplot-iostream", "/usr/local/include/libmongoc-1.0", "/usr/local/include/libbson-1.0", );
				INSTALL_PATH = "";
				LIBRARY_STYLE = STATIC;
				OTHER_CPLUSPLUSFLAGS = "           '-std=gnu++11'  ";
				OTHER_LIBTOOLFLAGS = " ";
				OTHER_REZFLAGS = "";
				PRODUCT_NAME = proto;
				SECTORDER_FLAGS = "";
				SYMROOT = "/Users/csabatuz/PyKEP/orbiter-kep/proto";
				USE_HEADERMAP = NO;
				WARNING_CFLAGS = ("-Wmost", "-Wno-four-char-constants", "-Wno-unknown-pragmas", "$(inherited)", );
			};
			name = Debug;
		};
		43BB9A4865D14FE6AC8B86F2 /* Release */ = {
			isa = XCBuildConfiguration;
			buildSettings = {
				COMBINE_HIDPI_IMAGES = YES;
				GCC_GENERATE_DEBUGGING_SYMBOLS = YES;
				GCC_INLINES_ARE_PRIVATE_EXTERN = NO;
				GCC_OPTIMIZATION_LEVEL = 0;
				GCC_PREPROCESSOR_DEFINITIONS = ("'CMAKE_INTDIR=\"$(CONFIGURATION)$(EFFECTIVE_PLATFORM_NAME)\"'", );
				GCC_SYMBOLS_PRIVATE_EXTERN = NO;
				HEADER_SEARCH_PATHS = ("/Users/csabatuz/PyKEP/orbiter-kep", /usr/local/include, "/Users/csabatuz/PyKEP/orbiter-kep/src", "/Users/csabatuz/PyKEP/orbiter-kep/src/problems", "/Users/csabatuz/PyKEP/orbiter-kep/third_party/gnuplot-iostream", "/usr/local/include/libmongoc-1.0", "/usr/local/include/libbson-1.0", );
				INSTALL_PATH = "";
				OTHER_LDFLAGS = " ";
				OTHER_REZFLAGS = "";
				PRODUCT_NAME = ZERO_CHECK;
				SECTORDER_FLAGS = "";
				SYMROOT = "/Users/csabatuz/PyKEP/orbiter-kep";
				USE_HEADERMAP = NO;
				WARNING_CFLAGS = ("-Wmost", "-Wno-four-char-constants", "-Wno-unknown-pragmas", "$(inherited)", );
			};
			name = Release;
		};
		5B25EDD687174C7890D35631 /* Release */ = {
			isa = XCBuildConfiguration;
			buildSettings = {
				COMBINE_HIDPI_IMAGES = YES;
				EXECUTABLE_PREFIX = "";
				EXECUTABLE_SUFFIX = "";
				GCC_GENERATE_DEBUGGING_SYMBOLS = YES;
				GCC_INLINES_ARE_PRIVATE_EXTERN = NO;
				GCC_OPTIMIZATION_LEVEL = 3;
				GCC_PREPROCESSOR_DEFINITIONS = ("'CMAKE_INTDIR=\"$(CONFIGURATION)$(EFFECTIVE_PLATFORM_NAME)\"'", );
				GCC_SYMBOLS_PRIVATE_EXTERN = NO;
				HEADER_SEARCH_PATHS = ("/Users/csabatuz/PyKEP/orbiter-kep", /usr/local/include, "/Users/csabatuz/PyKEP/orbiter-kep/src", "/Users/csabatuz/PyKEP/orbiter-kep/src/problems", "/Users/csabatuz/PyKEP/orbiter-kep/third_party/gnuplot-iostream", "/usr/local/include/libmongoc-1.0", "/usr/local/include/libbson-1.0", );
				INSTALL_PATH = "";
				LD_RUNPATH_SEARCH_PATHS = /usr/local/lib;
				LIBRARY_SEARCH_PATHS = " /usr/local/lib/$(CONFIGURATION)$(EFFECTIVE_PLATFORM_NAME) /usr/local/lib";
				OTHER_CPLUSPLUSFLAGS = "            -DNDEBUG '-std=gnu++11'  ";
				OTHER_LDFLAGS = " -Wl,-search_paths_first -Wl,-headerpad_max_install_names  -lmongoc-1.0 -lbson-1.0 /Users/csabatuz/PyKEP/orbiter-kep/proto/Release/libproto.a /usr/local/lib/libprotobuf.dylib -lpagmo -lkeplerian_toolbox /usr/local/lib/libboost_filesystem.dylib /usr/local/lib/libboost_system.dylib /usr/local/lib/libboost_serialization.dylib /usr/local/lib/libboost_iostreams.dylib /usr/local/lib/libboost_regex.dylib";
				OTHER_REZFLAGS = "";
				PRODUCT_NAME = OrbiterKEP;
				SECTORDER_FLAGS = "";
				SYMROOT = "/Users/csabatuz/PyKEP/orbiter-kep";
				USE_HEADERMAP = NO;
				WARNING_CFLAGS = ("-Wmost", "-Wno-four-char-constants", "-Wno-unknown-pragmas", "$(inherited)", );
			};
			name = Release;
		};
		739840288D2D4A15A5FC9B3F /* Debug */ = {
			isa = XCBuildConfiguration;
			buildSettings = {
				COMBINE_HIDPI_IMAGES = YES;
				EXECUTABLE_PREFIX = "";
				EXECUTABLE_SUFFIX = "";
				GCC_GENERATE_DEBUGGING_SYMBOLS = YES;
				GCC_INLINES_ARE_PRIVATE_EXTERN = NO;
				GCC_OPTIMIZATION_LEVEL = 2;
				GCC_PREPROCESSOR_DEFINITIONS = ("'CMAKE_INTDIR=\"$(CONFIGURATION)$(EFFECTIVE_PLATFORM_NAME)\"'", );
				GCC_SYMBOLS_PRIVATE_EXTERN = NO;
				HEADER_SEARCH_PATHS = ("/Users/csabatuz/PyKEP/orbiter-kep", /usr/local/include, "/Users/csabatuz/PyKEP/orbiter-kep/src", "/Users/csabatuz/PyKEP/orbiter-kep/src/problems", "/Users/csabatuz/PyKEP/orbiter-kep/third_party/gnuplot-iostream", "/usr/local/include/libmongoc-1.0", "/usr/local/include/libbson-1.0", );
				INSTALL_PATH = "";
				LD_RUNPATH_SEARCH_PATHS = /usr/local/lib;
				LIBRARY_SEARCH_PATHS = " /usr/local/lib/$(CONFIGURATION)$(EFFECTIVE_PLATFORM_NAME) /usr/local/lib";
				OTHER_CPLUSPLUSFLAGS = "           '-std=gnu++11'  ";
				OTHER_LDFLAGS = " -Wl,-search_paths_first -Wl,-headerpad_max_install_names  -lmongoc-1.0 -lbson-1.0 /Users/csabatuz/PyKEP/orbiter-kep/proto/Debug/libproto.a /usr/local/lib/libprotobuf.dylib -lpagmo -lkeplerian_toolbox /usr/local/lib/libboost_filesystem.dylib /usr/local/lib/libboost_system.dylib /usr/local/lib/libboost_serialization.dylib /usr/local/lib/libboost_iostreams.dylib /usr/local/lib/libboost_regex.dylib";
				OTHER_REZFLAGS = "";
				PRODUCT_NAME = OrbiterKEP;
				SECTORDER_FLAGS = "";
				SYMROOT = "/Users/csabatuz/PyKEP/orbiter-kep";
				USE_HEADERMAP = NO;
				WARNING_CFLAGS = ("-Wmost", "-Wno-four-char-constants", "-Wno-unknown-pragmas", "$(inherited)", );
			};
			name = Debug;
		};
		7FB324931151476AB847A3D6 /* RelWithDebInfo */ = {
			isa = XCBuildConfiguration;
			buildSettings = {
				COMBINE_HIDPI_IMAGES = YES;
				GCC_GENERATE_DEBUGGING_SYMBOLS = YES;
				GCC_INLINES_ARE_PRIVATE_EXTERN = NO;
				GCC_OPTIMIZATION_LEVEL = 0;
				GCC_PREPROCESSOR_DEFINITIONS = ("'CMAKE_INTDIR=\"$(CONFIGURATION)$(EFFECTIVE_PLATFORM_NAME)\"'", );
				GCC_SYMBOLS_PRIVATE_EXTERN = NO;
				HEADER_SEARCH_PATHS = ("/Users/csabatuz/PyKEP/orbiter-kep", /usr/local/include, "/Users/csabatuz/PyKEP/orbiter-kep/src", "/Users/csabatuz/PyKEP/orbiter-kep/src/problems", "/Users/csabatuz/PyKEP/orbiter-kep/third_party/gnuplot-iostream", "/usr/local/include/libmongoc-1.0", "/usr/local/include/libbson-1.0", );
				INSTALL_PATH = "";
				OTHER_LDFLAGS = " ";
				OTHER_REZFLAGS = "";
				PRODUCT_NAME = install;
				SECTORDER_FLAGS = "";
				SYMROOT = "/Users/csabatuz/PyKEP/orbiter-kep";
				USE_HEADERMAP = NO;
				WARNING_CFLAGS = ("-Wmost", "-Wno-four-char-constants", "-Wno-unknown-pragmas", "$(inherited)", );
			};
			name = RelWithDebInfo;
		};
		8126AAE627414F379491D5BA /* RelWithDebInfo */ = {
			isa = XCBuildConfiguration;
			buildSettings = {
				ONLY_ACTIVE_ARCH = YES;
				SDKROOT = /Applications/Xcode.app/Contents/Developer/Platforms/MacOSX.platform/Developer/SDKs/MacOSX10.11.sdk;
				SYMROOT = "/Users/csabatuz/PyKEP/orbiter-kep/build";
			};
			name = RelWithDebInfo;
		};
		93D89B75C86542BD90A0A0E5 /* Debug */ = {
			isa = XCBuildConfiguration;
			buildSettings = {
				COMBINE_HIDPI_IMAGES = YES;
				GCC_GENERATE_DEBUGGING_SYMBOLS = YES;
				GCC_INLINES_ARE_PRIVATE_EXTERN = NO;
				GCC_OPTIMIZATION_LEVEL = 0;
				GCC_PREPROCESSOR_DEFINITIONS = ("'CMAKE_INTDIR=\"$(CONFIGURATION)$(EFFECTIVE_PLATFORM_NAME)\"'", );
				GCC_SYMBOLS_PRIVATE_EXTERN = NO;
				HEADER_SEARCH_PATHS = ("/Users/csabatuz/PyKEP/orbiter-kep", /usr/local/include, "/Users/csabatuz/PyKEP/orbiter-kep/src", "/Users/csabatuz/PyKEP/orbiter-kep/src/problems", "/Users/csabatuz/PyKEP/orbiter-kep/third_party/gnuplot-iostream", "/usr/local/include/libmongoc-1.0", "/usr/local/include/libbson-1.0", );
				INSTALL_PATH = "";
				OTHER_LDFLAGS = " ";
				OTHER_REZFLAGS = "";
				PRODUCT_NAME = ZERO_CHECK;
				SECTORDER_FLAGS = "";
				SYMROOT = "/Users/csabatuz/PyKEP/orbiter-kep";
				USE_HEADERMAP = NO;
				WARNING_CFLAGS = ("-Wmost", "-Wno-four-char-constants", "-Wno-unknown-pragmas", "$(inherited)", );
			};
			name = Debug;
		};
		98FAF801DD904B6489A90717 /* MinSizeRel */ = {
			isa = XCBuildConfiguration;
			buildSettings = {
				ONLY_ACTIVE_ARCH = YES;
				SDKROOT = /Applications/Xcode.app/Contents/Developer/Platforms/MacOSX.platform/Developer/SDKs/MacOSX10.11.sdk;
				SYMROOT = "/Users/csabatuz/PyKEP/orbiter-kep/build";
			};
			name = MinSizeRel;
		};
		9B4E84018F864A3FAE0B257A /* Debug */ = {
			isa = XCBuildConfiguration;
			buildSettings = {
				ONLY_ACTIVE_ARCH = YES;
				SDKROOT = /Applications/Xcode.app/Contents/Developer/Platforms/MacOSX.platform/Developer/SDKs/MacOSX10.11.sdk;
				SYMROOT = "/Users/csabatuz/PyKEP/orbiter-kep/build";
			};
			name = Debug;
		};
		B73ED2400E374F4789C6C248 /* Release */ = {
			isa = XCBuildConfiguration;
			buildSettings = {
				COMBINE_HIDPI_IMAGES = YES;
				GCC_GENERATE_DEBUGGING_SYMBOLS = YES;
				GCC_INLINES_ARE_PRIVATE_EXTERN = NO;
				GCC_OPTIMIZATION_LEVEL = 0;
				GCC_PREPROCESSOR_DEFINITIONS = ("'CMAKE_INTDIR=\"$(CONFIGURATION)$(EFFECTIVE_PLATFORM_NAME)\"'", );
				GCC_SYMBOLS_PRIVATE_EXTERN = NO;
				HEADER_SEARCH_PATHS = ("/Users/csabatuz/PyKEP/orbiter-kep", /usr/local/include, "/Users/csabatuz/PyKEP/orbiter-kep/src", "/Users/csabatuz/PyKEP/orbiter-kep/src/problems", "/Users/csabatuz/PyKEP/orbiter-kep/third_party/gnuplot-iostream", "/usr/local/include/libmongoc-1.0", "/usr/local/include/libbson-1.0", );
				INSTALL_PATH = "";
				OTHER_LDFLAGS = " ";
				OTHER_REZFLAGS = "";
				PRODUCT_NAME = ALL_BUILD;
				SECTORDER_FLAGS = "";
				SYMROOT = "/Users/csabatuz/PyKEP/orbiter-kep";
				USE_HEADERMAP = NO;
				WARNING_CFLAGS = ("-Wmost", "-Wno-four-char-constants", "-Wno-unknown-pragmas", "$(inherited)", );
			};
			name = Release;
		};
		B7E8EEDE87A04DFEA960D537 /* MinSizeRel */ = {
			isa = XCBuildConfiguration;
			buildSettings = {
				COMBINE_HIDPI_IMAGES = YES;
				GCC_GENERATE_DEBUGGING_SYMBOLS = YES;
				GCC_INLINES_ARE_PRIVATE_EXTERN = NO;
				GCC_OPTIMIZATION_LEVEL = 0;
				GCC_PREPROCESSOR_DEFINITIONS = ("'CMAKE_INTDIR=\"$(CONFIGURATION)$(EFFECTIVE_PLATFORM_NAME)\"'", );
				GCC_SYMBOLS_PRIVATE_EXTERN = NO;
				HEADER_SEARCH_PATHS = ("/Users/csabatuz/PyKEP/orbiter-kep", /usr/local/include, "/Users/csabatuz/PyKEP/orbiter-kep/src", "/Users/csabatuz/PyKEP/orbiter-kep/src/problems", "/Users/csabatuz/PyKEP/orbiter-kep/third_party/gnuplot-iostream", "/usr/local/include/libmongoc-1.0", "/usr/local/include/libbson-1.0", );
				INSTALL_PATH = "";
				OTHER_LDFLAGS = " ";
				OTHER_REZFLAGS = "";
				PRODUCT_NAME = ALL_BUILD;
				SECTORDER_FLAGS = "";
				SYMROOT = "/Users/csabatuz/PyKEP/orbiter-kep";
				USE_HEADERMAP = NO;
				WARNING_CFLAGS = ("-Wmost", "-Wno-four-char-constants", "-Wno-unknown-pragmas", "$(inherited)", );
			};
			name = MinSizeRel;
		};
		BF7703B17CE54454B17DB01B /* MinSizeRel */ = {
			isa = XCBuildConfiguration;
			buildSettings = {
				COMBINE_HIDPI_IMAGES = YES;
				GCC_GENERATE_DEBUGGING_SYMBOLS = YES;
				GCC_INLINES_ARE_PRIVATE_EXTERN = NO;
				GCC_OPTIMIZATION_LEVEL = 0;
				GCC_PREPROCESSOR_DEFINITIONS = ("'CMAKE_INTDIR=\"$(CONFIGURATION)$(EFFECTIVE_PLATFORM_NAME)\"'", );
				GCC_SYMBOLS_PRIVATE_EXTERN = NO;
				HEADER_SEARCH_PATHS = ("/Users/csabatuz/PyKEP/orbiter-kep", /usr/local/include, "/Users/csabatuz/PyKEP/orbiter-kep/src", "/Users/csabatuz/PyKEP/orbiter-kep/src/problems", "/Users/csabatuz/PyKEP/orbiter-kep/third_party/gnuplot-iostream", "/usr/local/include/libmongoc-1.0", "/usr/local/include/libbson-1.0", );
				INSTALL_PATH = "";
				OTHER_LDFLAGS = " ";
				OTHER_REZFLAGS = "";
				PRODUCT_NAME = ZERO_CHECK;
				SECTORDER_FLAGS = "";
				SYMROOT = "/Users/csabatuz/PyKEP/orbiter-kep";
				USE_HEADERMAP = NO;
				WARNING_CFLAGS = ("-Wmost", "-Wno-four-char-constants", "-Wno-unknown-pragmas", "$(inherited)", );
			};
			name = MinSizeRel;
		};
		D8C1310A7A2C4D7AADB5E102 /* MinSizeRel */ = {
			isa = XCBuildConfiguration;
			buildSettings = {
				COMBINE_HIDPI_IMAGES = YES;
				EXECUTABLE_PREFIX = "";
				EXECUTABLE_SUFFIX = "";
				GCC_GENERATE_DEBUGGING_SYMBOLS = YES;
				GCC_INLINES_ARE_PRIVATE_EXTERN = NO;
				GCC_OPTIMIZATION_LEVEL = s;
				GCC_PREPROCESSOR_DEFINITIONS = ("'CMAKE_INTDIR=\"$(CONFIGURATION)$(EFFECTIVE_PLATFORM_NAME)\"'", );
				GCC_SYMBOLS_PRIVATE_EXTERN = NO;
				HEADER_SEARCH_PATHS = ("/Users/csabatuz/PyKEP/orbiter-kep", /usr/local/include, "/Users/csabatuz/PyKEP/orbiter-kep/src", "/Users/csabatuz/PyKEP/orbiter-kep/src/problems", "/Users/csabatuz/PyKEP/orbiter-kep/third_party/gnuplot-iostream", "/usr/local/include/libmongoc-1.0", "/usr/local/include/libbson-1.0", );
				INSTALL_PATH = "";
				LD_RUNPATH_SEARCH_PATHS = /usr/local/lib;
				LIBRARY_SEARCH_PATHS = " /usr/local/lib/$(CONFIGURATION)$(EFFECTIVE_PLATFORM_NAME) /usr/local/lib";
				OTHER_CPLUSPLUSFLAGS = "            -DNDEBUG '-std=gnu++11'  ";
				OTHER_LDFLAGS = " -Wl,-search_paths_first -Wl,-headerpad_max_install_names  -lmongoc-1.0 -lbson-1.0 /Users/csabatuz/PyKEP/orbiter-kep/proto/MinSizeRel/libproto.a /usr/local/lib/libprotobuf.dylib -lpagmo -lkeplerian_toolbox /usr/local/lib/libboost_filesystem.dylib /usr/local/lib/libboost_system.dylib /usr/local/lib/libboost_serialization.dylib /usr/local/lib/libboost_iostreams.dylib /usr/local/lib/libboost_regex.dylib";
				OTHER_REZFLAGS = "";
				PRODUCT_NAME = OrbiterKEP;
				SECTORDER_FLAGS = "";
				SYMROOT = "/Users/csabatuz/PyKEP/orbiter-kep";
				USE_HEADERMAP = NO;
				WARNING_CFLAGS = ("-Wmost", "-Wno-four-char-constants", "-Wno-unknown-pragmas", "$(inherited)", );
			};
			name = MinSizeRel;
		};
		E653E15A26054683BFABD5CC /* RelWithDebInfo */ = {
			isa = XCBuildConfiguration;
			buildSettings = {
				COMBINE_HIDPI_IMAGES = YES;
				GCC_GENERATE_DEBUGGING_SYMBOLS = YES;
				GCC_INLINES_ARE_PRIVATE_EXTERN = NO;
				GCC_OPTIMIZATION_LEVEL = 0;
				GCC_PREPROCESSOR_DEFINITIONS = ("'CMAKE_INTDIR=\"$(CONFIGURATION)$(EFFECTIVE_PLATFORM_NAME)\"'", );
				GCC_SYMBOLS_PRIVATE_EXTERN = NO;
				HEADER_SEARCH_PATHS = ("/Users/csabatuz/PyKEP/orbiter-kep", /usr/local/include, "/Users/csabatuz/PyKEP/orbiter-kep/src", "/Users/csabatuz/PyKEP/orbiter-kep/src/problems", "/Users/csabatuz/PyKEP/orbiter-kep/third_party/gnuplot-iostream", "/usr/local/include/libmongoc-1.0", "/usr/local/include/libbson-1.0", );
				INSTALL_PATH = "";
				OTHER_LDFLAGS = " ";
				OTHER_REZFLAGS = "";
				PRODUCT_NAME = ALL_BUILD;
				SECTORDER_FLAGS = "";
				SYMROOT = "/Users/csabatuz/PyKEP/orbiter-kep";
				USE_HEADERMAP = NO;
				WARNING_CFLAGS = ("-Wmost", "-Wno-four-char-constants", "-Wno-unknown-pragmas", "$(inherited)", );
			};
			name = RelWithDebInfo;
		};
		E7AD344D02814C6EA4BA7C5F /* RelWithDebInfo */ = {
			isa = XCBuildConfiguration;
			buildSettings = {
				COMBINE_HIDPI_IMAGES = YES;
				EXECUTABLE_PREFIX = lib;
				EXECUTABLE_SUFFIX = .a;
				GCC_GENERATE_DEBUGGING_SYMBOLS = YES;
				GCC_INLINES_ARE_PRIVATE_EXTERN = NO;
				GCC_OPTIMIZATION_LEVEL = 2;
				GCC_PREPROCESSOR_DEFINITIONS = ("'CMAKE_INTDIR=\"$(CONFIGURATION)$(EFFECTIVE_PLATFORM_NAME)\"'", );
				GCC_SYMBOLS_PRIVATE_EXTERN = NO;
				HEADER_SEARCH_PATHS = ("/Users/csabatuz/PyKEP/orbiter-kep", /usr/local/include, "/Users/csabatuz/PyKEP/orbiter-kep/src", "/Users/csabatuz/PyKEP/orbiter-kep/src/problems", "/Users/csabatuz/PyKEP/orbiter-kep/third_party/gnuplot-iostream", "/usr/local/include/libmongoc-1.0", "/usr/local/include/libbson-1.0", );
				INSTALL_PATH = "";
				LIBRARY_STYLE = STATIC;
				OTHER_CPLUSPLUSFLAGS = "               -DNDEBUG '-std=gnu++11'  ";
				OTHER_LIBTOOLFLAGS = " ";
				OTHER_REZFLAGS = "";
				PRODUCT_NAME = proto;
				SECTORDER_FLAGS = "";
				SYMROOT = "/Users/csabatuz/PyKEP/orbiter-kep/proto";
				USE_HEADERMAP = NO;
				WARNING_CFLAGS = ("-Wmost", "-Wno-four-char-constants", "-Wno-unknown-pragmas", "$(inherited)", );
			};
			name = RelWithDebInfo;
		};
		EA56076DB9CE4953BA18C80B /* RelWithDebInfo */ = {
			isa = XCBuildConfiguration;
			buildSettings = {
				COMBINE_HIDPI_IMAGES = YES;
				GCC_GENERATE_DEBUGGING_SYMBOLS = YES;
				GCC_INLINES_ARE_PRIVATE_EXTERN = NO;
				GCC_OPTIMIZATION_LEVEL = 0;
				GCC_PREPROCESSOR_DEFINITIONS = ("'CMAKE_INTDIR=\"$(CONFIGURATION)$(EFFECTIVE_PLATFORM_NAME)\"'", );
				GCC_SYMBOLS_PRIVATE_EXTERN = NO;
				HEADER_SEARCH_PATHS = ("/Users/csabatuz/PyKEP/orbiter-kep", /usr/local/include, "/Users/csabatuz/PyKEP/orbiter-kep/src", "/Users/csabatuz/PyKEP/orbiter-kep/src/problems", "/Users/csabatuz/PyKEP/orbiter-kep/third_party/gnuplot-iostream", "/usr/local/include/libmongoc-1.0", "/usr/local/include/libbson-1.0", );
				INSTALL_PATH = "";
				OTHER_LDFLAGS = " ";
				OTHER_REZFLAGS = "";
				PRODUCT_NAME = ZERO_CHECK;
				SECTORDER_FLAGS = "";
				SYMROOT = "/Users/csabatuz/PyKEP/orbiter-kep";
				USE_HEADERMAP = NO;
				WARNING_CFLAGS = ("-Wmost", "-Wno-four-char-constants", "-Wno-unknown-pragmas", "$(inherited)", );
			};
			name = RelWithDebInfo;
		};
		FC3F3F5580594B5D9044F386 /* MinSizeRel */ = {
			isa = XCBuildConfiguration;
			buildSettings = {
				COMBINE_HIDPI_IMAGES = YES;
				GCC_GENERATE_DEBUGGING_SYMBOLS = YES;
				GCC_INLINES_ARE_PRIVATE_EXTERN = NO;
				GCC_OPTIMIZATION_LEVEL = 0;
				GCC_PREPROCESSOR_DEFINITIONS = ("'CMAKE_INTDIR=\"$(CONFIGURATION)$(EFFECTIVE_PLATFORM_NAME)\"'", );
				GCC_SYMBOLS_PRIVATE_EXTERN = NO;
				HEADER_SEARCH_PATHS = ("/Users/csabatuz/PyKEP/orbiter-kep", /usr/local/include, "/Users/csabatuz/PyKEP/orbiter-kep/src", "/Users/csabatuz/PyKEP/orbiter-kep/src/problems", "/Users/csabatuz/PyKEP/orbiter-kep/third_party/gnuplot-iostream", "/usr/local/include/libmongoc-1.0", "/usr/local/include/libbson-1.0", );
				INSTALL_PATH = "";
				OTHER_LDFLAGS = " ";
				OTHER_REZFLAGS = "";
				PRODUCT_NAME = install;
				SECTORDER_FLAGS = "";
				SYMROOT = "/Users/csabatuz/PyKEP/orbiter-kep";
				USE_HEADERMAP = NO;
				WARNING_CFLAGS = ("-Wmost", "-Wno-four-char-constants", "-Wno-unknown-pragmas", "$(inherited)", );
			};
			name = MinSizeRel;
		};
/* End XCBuildConfiguration section */

/* Begin XCConfigurationList section */
		1570F9FC92544734B4388244 /* Build configuration list for PBXProject "OrbiterKEP" */ = {
			isa = XCConfigurationList;
			buildConfigurations = (
				9B4E84018F864A3FAE0B257A /* Debug */,
				06FB0EE34EC747F8B4DC6052 /* Release */,
				98FAF801DD904B6489A90717 /* MinSizeRel */,
				8126AAE627414F379491D5BA /* RelWithDebInfo */,
			);
			defaultConfigurationIsVisible = 0;
			defaultConfigurationName = Debug;
		};
		2042CC9A307647A885B85953 /* Build configuration list for PBXNativeTarget "OrbiterKEP" */ = {
			isa = XCConfigurationList;
			buildConfigurations = (
				739840288D2D4A15A5FC9B3F /* Debug */,
				5B25EDD687174C7890D35631 /* Release */,
				D8C1310A7A2C4D7AADB5E102 /* MinSizeRel */,
				038878DB56424F8098CFF0D9 /* RelWithDebInfo */,
			);
			defaultConfigurationIsVisible = 0;
			defaultConfigurationName = Debug;
		};
		615D6FE6B37E4D9E8341BE35 /* Build configuration list for PBXAggregateTarget "ALL_BUILD" */ = {
			isa = XCConfigurationList;
			buildConfigurations = (
				2C7A8FD8DF614245A02DA323 /* Debug */,
				B73ED2400E374F4789C6C248 /* Release */,
				B7E8EEDE87A04DFEA960D537 /* MinSizeRel */,
				E653E15A26054683BFABD5CC /* RelWithDebInfo */,
			);
			defaultConfigurationIsVisible = 0;
			defaultConfigurationName = Debug;
		};
		6696773F42CB402BA8B29632 /* Build configuration list for PBXAggregateTarget "ZERO_CHECK" */ = {
			isa = XCConfigurationList;
			buildConfigurations = (
				93D89B75C86542BD90A0A0E5 /* Debug */,
				43BB9A4865D14FE6AC8B86F2 /* Release */,
				BF7703B17CE54454B17DB01B /* MinSizeRel */,
				EA56076DB9CE4953BA18C80B /* RelWithDebInfo */,
			);
			defaultConfigurationIsVisible = 0;
			defaultConfigurationName = Debug;
		};
		A4BF377FF63141FF9C9E0D3B /* Build configuration list for PBXAggregateTarget "install" */ = {
			isa = XCConfigurationList;
			buildConfigurations = (
				055109B810F547C58953FD3E /* Debug */,
				0E693CCE73A54DD2AC450B72 /* Release */,
				FC3F3F5580594B5D9044F386 /* MinSizeRel */,
				7FB324931151476AB847A3D6 /* RelWithDebInfo */,
			);
			defaultConfigurationIsVisible = 0;
			defaultConfigurationName = Debug;
		};
		CA00D2680C37425FA193E049 /* Build configuration list for PBXNativeTarget "proto" */ = {
			isa = XCConfigurationList;
			buildConfigurations = (
				2E21F67667854F62B792328C /* Debug */,
				24886EED5B32462AB95E74F5 /* Release */,
				190B4F358CF34991AA3B0990 /* MinSizeRel */,
				E7AD344D02814C6EA4BA7C5F /* RelWithDebInfo */,
			);
			defaultConfigurationIsVisible = 0;
			defaultConfigurationName = Debug;
		};
/* End XCConfigurationList section */
	};
	rootObject = E99BE6F27DD74ABBAD441AC2 /* Project object */;
}
